
Microsoft Visual Studio Solution File, Format Version 12.00
# Visual Studio Version 16
VisualStudioVersion = 16.0.30711.63
MinimumVisualStudioVersion = 10.0.40219.1
Project("{2150E333-8FDC-42A3-9474-1A3956D46DE8}") = "Microservices", "Microservices", "{FDA67973-757E-4649-9D71-52D98FBD4FCE}"
EndProject
Project("{2150E333-8FDC-42A3-9474-1A3956D46DE8}") = "Domain", "Domain", "{7F8620AA-B0DD-42C7-AF74-FA7E013C63B8}"
EndProject
Project("{2150E333-8FDC-42A3-9474-1A3956D46DE8}") = "Infra.Bus", "Infra.Bus", "{A6C0C92A-E247-4576-9611-921D8924C8B7}"
EndProject
Project("{2150E333-8FDC-42A3-9474-1A3956D46DE8}") = "Infra.IoC", "Infra.IoC", "{FCA3F68B-B8BF-4F42-A5FD-E22DBE7872A3}"
EndProject
Project("{2150E333-8FDC-42A3-9474-1A3956D46DE8}") = "Presentation", "Presentation", "{961189A3-CCAB-4354-979C-EFADB19DE87E}"
EndProject
Project("{9A19103F-16F7-4668-BE54-9A1E7A4F7556}") = "MicroRabbit.Domain.Core", "MicroRabbit.Domain.Core\MicroRabbit.Domain.Core.csproj", "{72D1F02F-DBA5-4106-AA67-547A919F515D}"
EndProject
Project("{9A19103F-16F7-4668-BE54-9A1E7A4F7556}") = "MicroRabbit.Infra.Bus", "MicroRabbit.Infra.Bus\MicroRabbit.Infra.Bus.csproj", "{B5B01E7D-9AB5-4292-ADB5-431C1C52023F}"
EndProject
Project("{9A19103F-16F7-4668-BE54-9A1E7A4F7556}") = "MicroRabbit.Infra.IoC", "MicroRabbit.Infra.IoC\MicroRabbit.Infra.IoC.csproj", "{6FCC71B5-75CB-4BDE-AAE4-83FDD1B3BA37}"
EndProject
Project("{2150E333-8FDC-42A3-9474-1A3956D46DE8}") = "Banking", "Banking", "{4DAF3157-09FE-42D3-9FC1-BCA237ED3B93}"
EndProject
Project("{2150E333-8FDC-42A3-9474-1A3956D46DE8}") = "Api", "Api", "{1569E6B3-668B-4054-99A5-72A8EA7E9EBC}"
EndProject
Project("{2150E333-8FDC-42A3-9474-1A3956D46DE8}") = "Domain", "Domain", "{091D1C91-232E-4E4E-B2CB-D4C4999EFC56}"
EndProject
Project("{2150E333-8FDC-42A3-9474-1A3956D46DE8}") = "Application", "Application", "{230F36EA-F7E5-480B-AFBE-CE61A8B2EFA1}"
EndProject
Project("{2150E333-8FDC-42A3-9474-1A3956D46DE8}") = "Data", "Data", "{F4BA47D7-C3C7-41DD-8DFA-11CFE3550E42}"
EndProject
Project("{9A19103F-16F7-4668-BE54-9A1E7A4F7556}") = "MicroRabbit.Banking.Api", "MicroRabbit.Banking,.Api\MicroRabbit.Banking.Api.csproj", "{3483B8E5-B06A-4E06-A571-DF79B50C249B}"
EndProject
Project("{9A19103F-16F7-4668-BE54-9A1E7A4F7556}") = "MicroRabbit.Banking.Application", "MicroRabbit.Banking.Application\MicroRabbit.Banking.Application.csproj", "{F38C8211-B850-4FB1-8AF0-20AC9C2ED3C7}"
EndProject
Project("{9A19103F-16F7-4668-BE54-9A1E7A4F7556}") = "MicroRabbit.Banking.Data", "MicroRabbit.Banking.Data\MicroRabbit.Banking.Data.csproj", "{ECE2558B-81EB-4C4E-A7B6-E48BA8E2580B}"
EndProject
Project("{9A19103F-16F7-4668-BE54-9A1E7A4F7556}") = "MicroRabbit.Banking.Domain", "MicroRabbit.Banking.Domain\MicroRabbit.Banking.Domain.csproj", "{ECA35A10-148A-4AAC-8BB3-C3283CD566BE}"
EndProject
Global
	GlobalSection(SolutionConfigurationPlatforms) = preSolution
		Debug|Any CPU = Debug|Any CPU
		Release|Any CPU = Release|Any CPU
	EndGlobalSection
	GlobalSection(ProjectConfigurationPlatforms) = postSolution
		{72D1F02F-DBA5-4106-AA67-547A919F515D}.Debug|Any CPU.ActiveCfg = Debug|Any CPU
		{72D1F02F-DBA5-4106-AA67-547A919F515D}.Debug|Any CPU.Build.0 = Debug|Any CPU
		{72D1F02F-DBA5-4106-AA67-547A919F515D}.Release|Any CPU.ActiveCfg = Release|Any CPU
		{72D1F02F-DBA5-4106-AA67-547A919F515D}.Release|Any CPU.Build.0 = Release|Any CPU
		{B5B01E7D-9AB5-4292-ADB5-431C1C52023F}.Debug|Any CPU.ActiveCfg = Debug|Any CPU
		{B5B01E7D-9AB5-4292-ADB5-431C1C52023F}.Debug|Any CPU.Build.0 = Debug|Any CPU
		{B5B01E7D-9AB5-4292-ADB5-431C1C52023F}.Release|Any CPU.ActiveCfg = Release|Any CPU
		{B5B01E7D-9AB5-4292-ADB5-431C1C52023F}.Release|Any CPU.Build.0 = Release|Any CPU
		{6FCC71B5-75CB-4BDE-AAE4-83FDD1B3BA37}.Debug|Any CPU.ActiveCfg = Debug|Any CPU
		{6FCC71B5-75CB-4BDE-AAE4-83FDD1B3BA37}.Debug|Any CPU.Build.0 = Debug|Any CPU
		{6FCC71B5-75CB-4BDE-AAE4-83FDD1B3BA37}.Release|Any CPU.ActiveCfg = Release|Any CPU
		{6FCC71B5-75CB-4BDE-AAE4-83FDD1B3BA37}.Release|Any CPU.Build.0 = Release|Any CPU
		{3483B8E5-B06A-4E06-A571-DF79B50C249B}.Debug|Any CPU.ActiveCfg = Debug|Any CPU
		{3483B8E5-B06A-4E06-A571-DF79B50C249B}.Debug|Any CPU.Build.0 = Debug|Any CPU
		{3483B8E5-B06A-4E06-A571-DF79B50C249B}.Release|Any CPU.ActiveCfg = Release|Any CPU
		{3483B8E5-B06A-4E06-A571-DF79B50C249B}.Release|Any CPU.Build.0 = Release|Any CPU
		{F38C8211-B850-4FB1-8AF0-20AC9C2ED3C7}.Debug|Any CPU.ActiveCfg = Debug|Any CPU
		{F38C8211-B850-4FB1-8AF0-20AC9C2ED3C7}.Debug|Any CPU.Build.0 = Debug|Any CPU
		{F38C8211-B850-4FB1-8AF0-20AC9C2ED3C7}.Release|Any CPU.ActiveCfg = Release|Any CPU
		{F38C8211-B850-4FB1-8AF0-20AC9C2ED3C7}.Release|Any CPU.Build.0 = Release|Any CPU
		{ECE2558B-81EB-4C4E-A7B6-E48BA8E2580B}.Debug|Any CPU.ActiveCfg = Debug|Any CPU
		{ECE2558B-81EB-4C4E-A7B6-E48BA8E2580B}.Debug|Any CPU.Build.0 = Debug|Any CPU
		{ECE2558B-81EB-4C4E-A7B6-E48BA8E2580B}.Release|Any CPU.ActiveCfg = Release|Any CPU
		{ECE2558B-81EB-4C4E-A7B6-E48BA8E2580B}.Release|Any CPU.Build.0 = Release|Any CPU
		{ECA35A10-148A-4AAC-8BB3-C3283CD566BE}.Debug|Any CPU.ActiveCfg = Debug|Any CPU
		{ECA35A10-148A-4AAC-8BB3-C3283CD566BE}.Debug|Any CPU.Build.0 = Debug|Any CPU
		{ECA35A10-148A-4AAC-8BB3-C3283CD566BE}.Release|Any CPU.ActiveCfg = Release|Any CPU
		{ECA35A10-148A-4AAC-8BB3-C3283CD566BE}.Release|Any CPU.Build.0 = Release|Any CPU
	EndGlobalSection
	GlobalSection(SolutionProperties) = preSolution
		HideSolutionNode = FALSE
	EndGlobalSection
	GlobalSection(NestedProjects) = preSolution
		{72D1F02F-DBA5-4106-AA67-547A919F515D} = {7F8620AA-B0DD-42C7-AF74-FA7E013C63B8}
		{B5B01E7D-9AB5-4292-ADB5-431C1C52023F} = {A6C0C92A-E247-4576-9611-921D8924C8B7}
		{6FCC71B5-75CB-4BDE-AAE4-83FDD1B3BA37} = {FCA3F68B-B8BF-4F42-A5FD-E22DBE7872A3}
		{4DAF3157-09FE-42D3-9FC1-BCA237ED3B93} = {FDA67973-757E-4649-9D71-52D98FBD4FCE}
		{1569E6B3-668B-4054-99A5-72A8EA7E9EBC} = {4DAF3157-09FE-42D3-9FC1-BCA237ED3B93}
		{091D1C91-232E-4E4E-B2CB-D4C4999EFC56} = {4DAF3157-09FE-42D3-9FC1-BCA237ED3B93}
		{230F36EA-F7E5-480B-AFBE-CE61A8B2EFA1} = {4DAF3157-09FE-42D3-9FC1-BCA237ED3B93}
		{F4BA47D7-C3C7-41DD-8DFA-11CFE3550E42} = {4DAF3157-09FE-42D3-9FC1-BCA237ED3B93}
		{3483B8E5-B06A-4E06-A571-DF79B50C249B} = {1569E6B3-668B-4054-99A5-72A8EA7E9EBC}
		{F38C8211-B850-4FB1-8AF0-20AC9C2ED3C7} = {230F36EA-F7E5-480B-AFBE-CE61A8B2EFA1}
		{ECE2558B-81EB-4C4E-A7B6-E48BA8E2580B} = {F4BA47D7-C3C7-41DD-8DFA-11CFE3550E42}
		{ECA35A10-148A-4AAC-8BB3-C3283CD566BE} = {091D1C91-232E-4E4E-B2CB-D4C4999EFC56}
	EndGlobalSection
	GlobalSection(ExtensibilityGlobals) = postSolution
		SolutionGuid = {A60E733C-3A7A-47B4-8C19-265F04850732}
	EndGlobalSection
EndGlobal
