
Microsoft Visual Studio Solution File, Format Version 12.00
# Visual Studio Version 16
VisualStudioVersion = 16.0.30711.63
MinimumVisualStudioVersion = 10.0.40219.1
Project("{2150E333-8FDC-42A3-9474-1A3956D46DE8}") = "Microservices", "Microservices", "{FDA67973-757E-4649-9D71-52D98FBD4FCE}"
EndProject
Project("{2150E333-8FDC-42A3-9474-1A3956D46DE8}") = "Domain", "Domain", "{7F8620AA-B0DD-42C7-AF74-FA7E013C63B8}"
EndProject
Project("{2150E333-8FDC-42A3-9474-1A3956D46DE8}") = "Infra.Bus", "Infra.Bus", "{A6C0C92A-E247-4576-9611-921D8924C8B7}"
EndProject
Project("{2150E333-8FDC-42A3-9474-1A3956D46DE8}") = "Infra.IoC", "Infra.IoC", "{FCA3F68B-B8BF-4F42-A5FD-E22DBE7872A3}"
EndProject
Project("{2150E333-8FDC-42A3-9474-1A3956D46DE8}") = "Presentation", "Presentation", "{961189A3-CCAB-4354-979C-EFADB19DE87E}"
EndProject
Project("{9A19103F-16F7-4668-BE54-9A1E7A4F7556}") = "MicroRabbit.Domain.Core", "MicroRabbit.Domain.Core\MicroRabbit.Domain.Core.csproj", "{72D1F02F-DBA5-4106-AA67-547A919F515D}"
EndProject
Project("{9A19103F-16F7-4668-BE54-9A1E7A4F7556}") = "MicroRabbit.Infra.Bus", "MicroRabbit.Infra.Bus\MicroRabbit.Infra.Bus.csproj", "{B5B01E7D-9AB5-4292-ADB5-431C1C52023F}"
EndProject
Project("{9A19103F-16F7-4668-BE54-9A1E7A4F7556}") = "MicroRabbit.Infra.IoC", "MicroRabbit.Infra.IoC\MicroRabbit.Infra.IoC.csproj", "{6FCC71B5-75CB-4BDE-AAE4-83FDD1B3BA37}"
EndProject
Project("{2150E333-8FDC-42A3-9474-1A3956D46DE8}") = "Banking", "Banking", "{4DAF3157-09FE-42D3-9FC1-BCA237ED3B93}"
EndProject
Project("{2150E333-8FDC-42A3-9474-1A3956D46DE8}") = "Api", "Api", "{1569E6B3-668B-4054-99A5-72A8EA7E9EBC}"
EndProject
Project("{2150E333-8FDC-42A3-9474-1A3956D46DE8}") = "Domain", "Domain", "{091D1C91-232E-4E4E-B2CB-D4C4999EFC56}"
EndProject
Project("{2150E333-8FDC-42A3-9474-1A3956D46DE8}") = "Application", "Application", "{230F36EA-F7E5-480B-AFBE-CE61A8B2EFA1}"
EndProject
Project("{2150E333-8FDC-42A3-9474-1A3956D46DE8}") = "Data", "Data", "{F4BA47D7-C3C7-41DD-8DFA-11CFE3550E42}"
EndProject
Project("{9A19103F-16F7-4668-BE54-9A1E7A4F7556}") = "MicroRabbit.Banking.Api", "MicroRabbit.Banking,.Api\MicroRabbit.Banking.Api.csproj", "{3483B8E5-B06A-4E06-A571-DF79B50C249B}"
EndProject
Project("{9A19103F-16F7-4668-BE54-9A1E7A4F7556}") = "MicroRabbit.Banking.Application", "MicroRabbit.Banking.Application\MicroRabbit.Banking.Application.csproj", "{F38C8211-B850-4FB1-8AF0-20AC9C2ED3C7}"
EndProject
Project("{9A19103F-16F7-4668-BE54-9A1E7A4F7556}") = "MicroRabbit.Banking.Data", "MicroRabbit.Banking.Data\MicroRabbit.Banking.Data.csproj", "{ECE2558B-81EB-4C4E-A7B6-E48BA8E2580B}"
EndProject
Project("{9A19103F-16F7-4668-BE54-9A1E7A4F7556}") = "MicroRabbit.Banking.Domain", "MicroRabbit.Banking.Domain\MicroRabbit.Banking.Domain.csproj", "{ECA35A10-148A-4AAC-8BB3-C3283CD566BE}"
EndProject
Project("{2150E333-8FDC-42A3-9474-1A3956D46DE8}") = "Transfer", "Transfer", "{7706CE3E-90BB-418E-83D1-2B3F4CF799A3}"
EndProject
Project("{2150E333-8FDC-42A3-9474-1A3956D46DE8}") = "Api", "Api", "{8A07F210-D240-43D5-81FA-1773C2B3AEBD}"
EndProject
Project("{2150E333-8FDC-42A3-9474-1A3956D46DE8}") = "Application", "Application", "{71C5C8D1-32C0-4D17-B1C3-F989B1991A0B}"
EndProject
Project("{2150E333-8FDC-42A3-9474-1A3956D46DE8}") = "Data", "Data", "{B476B27F-C9F5-49D2-A1BE-AB787492B09C}"
EndProject
Project("{2150E333-8FDC-42A3-9474-1A3956D46DE8}") = "Domain", "Domain", "{036AF9CA-0D87-478E-9810-C315672355E5}"
EndProject
Project("{9A19103F-16F7-4668-BE54-9A1E7A4F7556}") = "MicroRabbit.Transfer.Api", "MicroRabbit.Transfer.Api\MicroRabbit.Transfer.Api.csproj", "{40C8E596-BE7D-46C7-A211-0A1CAA2989F8}"
EndProject
Project("{9A19103F-16F7-4668-BE54-9A1E7A4F7556}") = "MicroRabbit.Transfer.Application", "MicroRabbit.Transfer.Application\MicroRabbit.Transfer.Application.csproj", "{7E422740-F93F-49AF-A99E-50CC2D41FAF7}"
EndProject
Project("{9A19103F-16F7-4668-BE54-9A1E7A4F7556}") = "MicroRabbit.Transfer.Domain", "MicroRabbit.Transfer.Domain\MicroRabbit.Transfer.Domain.csproj", "{C53E7D5E-A583-4CD1-B9E4-8EC00BAEFE09}"
EndProject
Project("{9A19103F-16F7-4668-BE54-9A1E7A4F7556}") = "MicroRabbit.Transfer.Data", "MicroRabbit.Transfer.Data\MicroRabbit.Transfer.Data.csproj", "{9DCD310A-1232-4C1B-B89A-48CA6F2076F6}"
EndProject
Project("{FAE04EC0-301F-11D3-BF4B-00C04F79EFBC}") = "MicroRabbit.MVC", "MicroRabbit.MVC\MicroRabbit.MVC.csproj", "{C6602406-F95C-43ED-B0F9-57F05C0E984A}"
EndProject
Global
	GlobalSection(SolutionConfigurationPlatforms) = preSolution
		Debug|Any CPU = Debug|Any CPU
		Release|Any CPU = Release|Any CPU
	EndGlobalSection
	GlobalSection(ProjectConfigurationPlatforms) = postSolution
		{72D1F02F-DBA5-4106-AA67-547A919F515D}.Debug|Any CPU.ActiveCfg = Debug|Any CPU
		{72D1F02F-DBA5-4106-AA67-547A919F515D}.Debug|Any CPU.Build.0 = Debug|Any CPU
		{72D1F02F-DBA5-4106-AA67-547A919F515D}.Release|Any CPU.ActiveCfg = Release|Any CPU
		{72D1F02F-DBA5-4106-AA67-547A919F515D}.Release|Any CPU.Build.0 = Release|Any CPU
		{B5B01E7D-9AB5-4292-ADB5-431C1C52023F}.Debug|Any CPU.ActiveCfg = Debug|Any CPU
		{B5B01E7D-9AB5-4292-ADB5-431C1C52023F}.Debug|Any CPU.Build.0 = Debug|Any CPU
		{B5B01E7D-9AB5-4292-ADB5-431C1C52023F}.Release|Any CPU.ActiveCfg = Release|Any CPU
		{B5B01E7D-9AB5-4292-ADB5-431C1C52023F}.Release|Any CPU.Build.0 = Release|Any CPU
		{6FCC71B5-75CB-4BDE-AAE4-83FDD1B3BA37}.Debug|Any CPU.ActiveCfg = Debug|Any CPU
		{6FCC71B5-75CB-4BDE-AAE4-83FDD1B3BA37}.Debug|Any CPU.Build.0 = Debug|Any CPU
		{6FCC71B5-75CB-4BDE-AAE4-83FDD1B3BA37}.Release|Any CPU.ActiveCfg = Release|Any CPU
		{6FCC71B5-75CB-4BDE-AAE4-83FDD1B3BA37}.Release|Any CPU.Build.0 = Release|Any CPU
		{3483B8E5-B06A-4E06-A571-DF79B50C249B}.Debug|Any CPU.ActiveCfg = Debug|Any CPU
		{3483B8E5-B06A-4E06-A571-DF79B50C249B}.Debug|Any CPU.Build.0 = Debug|Any CPU
		{3483B8E5-B06A-4E06-A571-DF79B50C249B}.Release|Any CPU.ActiveCfg = Release|Any CPU
		{3483B8E5-B06A-4E06-A571-DF79B50C249B}.Release|Any CPU.Build.0 = Release|Any CPU
		{F38C8211-B850-4FB1-8AF0-20AC9C2ED3C7}.Debug|Any CPU.ActiveCfg = Debug|Any CPU
		{F38C8211-B850-4FB1-8AF0-20AC9C2ED3C7}.Debug|Any CPU.Build.0 = Debug|Any CPU
		{F38C8211-B850-4FB1-8AF0-20AC9C2ED3C7}.Release|Any CPU.ActiveCfg = Release|Any CPU
		{F38C8211-B850-4FB1-8AF0-20AC9C2ED3C7}.Release|Any CPU.Build.0 = Release|Any CPU
		{ECE2558B-81EB-4C4E-A7B6-E48BA8E2580B}.Debug|Any CPU.ActiveCfg = Debug|Any CPU
		{ECE2558B-81EB-4C4E-A7B6-E48BA8E2580B}.Debug|Any CPU.Build.0 = Debug|Any CPU
		{ECE2558B-81EB-4C4E-A7B6-E48BA8E2580B}.Release|Any CPU.ActiveCfg = Release|Any CPU
		{ECE2558B-81EB-4C4E-A7B6-E48BA8E2580B}.Release|Any CPU.Build.0 = Release|Any CPU
		{ECA35A10-148A-4AAC-8BB3-C3283CD566BE}.Debug|Any CPU.ActiveCfg = Debug|Any CPU
		{ECA35A10-148A-4AAC-8BB3-C3283CD566BE}.Debug|Any CPU.Build.0 = Debug|Any CPU
		{ECA35A10-148A-4AAC-8BB3-C3283CD566BE}.Release|Any CPU.ActiveCfg = Release|Any CPU
		{ECA35A10-148A-4AAC-8BB3-C3283CD566BE}.Release|Any CPU.Build.0 = Release|Any CPU
		{40C8E596-BE7D-46C7-A211-0A1CAA2989F8}.Debug|Any CPU.ActiveCfg = Debug|Any CPU
		{40C8E596-BE7D-46C7-A211-0A1CAA2989F8}.Debug|Any CPU.Build.0 = Debug|Any CPU
		{40C8E596-BE7D-46C7-A211-0A1CAA2989F8}.Release|Any CPU.ActiveCfg = Release|Any CPU
		{40C8E596-BE7D-46C7-A211-0A1CAA2989F8}.Release|Any CPU.Build.0 = Release|Any CPU
		{7E422740-F93F-49AF-A99E-50CC2D41FAF7}.Debug|Any CPU.ActiveCfg = Debug|Any CPU
		{7E422740-F93F-49AF-A99E-50CC2D41FAF7}.Debug|Any CPU.Build.0 = Debug|Any CPU
		{7E422740-F93F-49AF-A99E-50CC2D41FAF7}.Release|Any CPU.ActiveCfg = Release|Any CPU
		{7E422740-F93F-49AF-A99E-50CC2D41FAF7}.Release|Any CPU.Build.0 = Release|Any CPU
		{C53E7D5E-A583-4CD1-B9E4-8EC00BAEFE09}.Debug|Any CPU.ActiveCfg = Debug|Any CPU
		{C53E7D5E-A583-4CD1-B9E4-8EC00BAEFE09}.Debug|Any CPU.Build.0 = Debug|Any CPU
		{C53E7D5E-A583-4CD1-B9E4-8EC00BAEFE09}.Release|Any CPU.ActiveCfg = Release|Any CPU
		{C53E7D5E-A583-4CD1-B9E4-8EC00BAEFE09}.Release|Any CPU.Build.0 = Release|Any CPU
		{9DCD310A-1232-4C1B-B89A-48CA6F2076F6}.Debug|Any CPU.ActiveCfg = Debug|Any CPU
		{9DCD310A-1232-4C1B-B89A-48CA6F2076F6}.Debug|Any CPU.Build.0 = Debug|Any CPU
		{9DCD310A-1232-4C1B-B89A-48CA6F2076F6}.Release|Any CPU.ActiveCfg = Release|Any CPU
		{9DCD310A-1232-4C1B-B89A-48CA6F2076F6}.Release|Any CPU.Build.0 = Release|Any CPU
		{C6602406-F95C-43ED-B0F9-57F05C0E984A}.Debug|Any CPU.ActiveCfg = Debug|Any CPU
		{C6602406-F95C-43ED-B0F9-57F05C0E984A}.Debug|Any CPU.Build.0 = Debug|Any CPU
		{C6602406-F95C-43ED-B0F9-57F05C0E984A}.Release|Any CPU.ActiveCfg = Release|Any CPU
		{C6602406-F95C-43ED-B0F9-57F05C0E984A}.Release|Any CPU.Build.0 = Release|Any CPU
	EndGlobalSection
	GlobalSection(SolutionProperties) = preSolution
		HideSolutionNode = FALSE
	EndGlobalSection
	GlobalSection(NestedProjects) = preSolution
		{72D1F02F-DBA5-4106-AA67-547A919F515D} = {7F8620AA-B0DD-42C7-AF74-FA7E013C63B8}
		{B5B01E7D-9AB5-4292-ADB5-431C1C52023F} = {A6C0C92A-E247-4576-9611-921D8924C8B7}
		{6FCC71B5-75CB-4BDE-AAE4-83FDD1B3BA37} = {FCA3F68B-B8BF-4F42-A5FD-E22DBE7872A3}
		{4DAF3157-09FE-42D3-9FC1-BCA237ED3B93} = {FDA67973-757E-4649-9D71-52D98FBD4FCE}
		{1569E6B3-668B-4054-99A5-72A8EA7E9EBC} = {4DAF3157-09FE-42D3-9FC1-BCA237ED3B93}
		{091D1C91-232E-4E4E-B2CB-D4C4999EFC56} = {4DAF3157-09FE-42D3-9FC1-BCA237ED3B93}
		{230F36EA-F7E5-480B-AFBE-CE61A8B2EFA1} = {4DAF3157-09FE-42D3-9FC1-BCA237ED3B93}
		{F4BA47D7-C3C7-41DD-8DFA-11CFE3550E42} = {4DAF3157-09FE-42D3-9FC1-BCA237ED3B93}
		{3483B8E5-B06A-4E06-A571-DF79B50C249B} = {1569E6B3-668B-4054-99A5-72A8EA7E9EBC}
		{F38C8211-B850-4FB1-8AF0-20AC9C2ED3C7} = {230F36EA-F7E5-480B-AFBE-CE61A8B2EFA1}
		{ECE2558B-81EB-4C4E-A7B6-E48BA8E2580B} = {F4BA47D7-C3C7-41DD-8DFA-11CFE3550E42}
		{ECA35A10-148A-4AAC-8BB3-C3283CD566BE} = {091D1C91-232E-4E4E-B2CB-D4C4999EFC56}
		{7706CE3E-90BB-418E-83D1-2B3F4CF799A3} = {FDA67973-757E-4649-9D71-52D98FBD4FCE}
		{8A07F210-D240-43D5-81FA-1773C2B3AEBD} = {7706CE3E-90BB-418E-83D1-2B3F4CF799A3}
		{71C5C8D1-32C0-4D17-B1C3-F989B1991A0B} = {7706CE3E-90BB-418E-83D1-2B3F4CF799A3}
		{B476B27F-C9F5-49D2-A1BE-AB787492B09C} = {7706CE3E-90BB-418E-83D1-2B3F4CF799A3}
		{036AF9CA-0D87-478E-9810-C315672355E5} = {7706CE3E-90BB-418E-83D1-2B3F4CF799A3}
		{40C8E596-BE7D-46C7-A211-0A1CAA2989F8} = {8A07F210-D240-43D5-81FA-1773C2B3AEBD}
		{7E422740-F93F-49AF-A99E-50CC2D41FAF7} = {71C5C8D1-32C0-4D17-B1C3-F989B1991A0B}
		{C53E7D5E-A583-4CD1-B9E4-8EC00BAEFE09} = {036AF9CA-0D87-478E-9810-C315672355E5}
		{9DCD310A-1232-4C1B-B89A-48CA6F2076F6} = {B476B27F-C9F5-49D2-A1BE-AB787492B09C}
		{C6602406-F95C-43ED-B0F9-57F05C0E984A} = {961189A3-CCAB-4354-979C-EFADB19DE87E}
	EndGlobalSection
	GlobalSection(ExtensibilityGlobals) = postSolution
		SolutionGuid = {A60E733C-3A7A-47B4-8C19-265F04850732}
	EndGlobalSection
EndGlobal
