
Microsoft Visual Studio Solution File, Format Version 12.00
# Visual Studio Version 16
VisualStudioVersion = 16.0.30711.63
MinimumVisualStudioVersion = 10.0.40219.1
Project("{2150E333-8FDC-42A3-9474-1A3956D46DE8}") = "Microservices", "Microservices", "{FDA67973-757E-4649-9D71-52D98FBD4FCE}"
EndProject
Project("{2150E333-8FDC-42A3-9474-1A3956D46DE8}") = "Domain", "Domain", "{7F8620AA-B0DD-42C7-AF74-FA7E013C63B8}"
EndProject
Project("{2150E333-8FDC-42A3-9474-1A3956D46DE8}") = "Infra.Bus", "Infra.Bus", "{A6C0C92A-E247-4576-9611-921D8924C8B7}"
EndProject
Project("{2150E333-8FDC-42A3-9474-1A3956D46DE8}") = "Infra.IoC", "Infra.IoC", "{FCA3F68B-B8BF-4F42-A5FD-E22DBE7872A3}"
EndProject
Project("{2150E333-8FDC-42A3-9474-1A3956D46DE8}") = "Presentation", "Presentation", "{961189A3-CCAB-4354-979C-EFADB19DE87E}"
EndProject
Project("{9A19103F-16F7-4668-BE54-9A1E7A4F7556}") = "MicroRabbit.Domain.Core", "MicroRabbit.Domain.Core\MicroRabbit.Domain.Core.csproj", "{72D1F02F-DBA5-4106-AA67-547A919F515D}"
EndProject
Project("{9A19103F-16F7-4668-BE54-9A1E7A4F7556}") = "MicroRabbit.Infra.Bus", "MicroRabbit.Infra.Bus\MicroRabbit.Infra.Bus.csproj", "{B5B01E7D-9AB5-4292-ADB5-431C1C52023F}"
EndProject
Project("{FAE04EC0-301F-11D3-BF4B-00C04F79EFBC}") = "MicroRabbit.Infra.IoC", "MicroRabbit.Infra.IoC\MicroRabbit.Infra.IoC.csproj", "{6FCC71B5-75CB-4BDE-AAE4-83FDD1B3BA37}"
EndProject
Global
	GlobalSection(SolutionConfigurationPlatforms) = preSolution
		Debug|Any CPU = Debug|Any CPU
		Release|Any CPU = Release|Any CPU
	EndGlobalSection
	GlobalSection(ProjectConfigurationPlatforms) = postSolution
		{72D1F02F-DBA5-4106-AA67-547A919F515D}.Debug|Any CPU.ActiveCfg = Debug|Any CPU
		{72D1F02F-DBA5-4106-AA67-547A919F515D}.Debug|Any CPU.Build.0 = Debug|Any CPU
		{72D1F02F-DBA5-4106-AA67-547A919F515D}.Release|Any CPU.ActiveCfg = Release|Any CPU
		{72D1F02F-DBA5-4106-AA67-547A919F515D}.Release|Any CPU.Build.0 = Release|Any CPU
		{B5B01E7D-9AB5-4292-ADB5-431C1C52023F}.Debug|Any CPU.ActiveCfg = Debug|Any CPU
		{B5B01E7D-9AB5-4292-ADB5-431C1C52023F}.Debug|Any CPU.Build.0 = Debug|Any CPU
		{B5B01E7D-9AB5-4292-ADB5-431C1C52023F}.Release|Any CPU.ActiveCfg = Release|Any CPU
		{B5B01E7D-9AB5-4292-ADB5-431C1C52023F}.Release|Any CPU.Build.0 = Release|Any CPU
		{6FCC71B5-75CB-4BDE-AAE4-83FDD1B3BA37}.Debug|Any CPU.ActiveCfg = Debug|Any CPU
		{6FCC71B5-75CB-4BDE-AAE4-83FDD1B3BA37}.Debug|Any CPU.Build.0 = Debug|Any CPU
		{6FCC71B5-75CB-4BDE-AAE4-83FDD1B3BA37}.Release|Any CPU.ActiveCfg = Release|Any CPU
		{6FCC71B5-75CB-4BDE-AAE4-83FDD1B3BA37}.Release|Any CPU.Build.0 = Release|Any CPU
	EndGlobalSection
	GlobalSection(SolutionProperties) = preSolution
		HideSolutionNode = FALSE
	EndGlobalSection
	GlobalSection(NestedProjects) = preSolution
		{72D1F02F-DBA5-4106-AA67-547A919F515D} = {7F8620AA-B0DD-42C7-AF74-FA7E013C63B8}
		{B5B01E7D-9AB5-4292-ADB5-431C1C52023F} = {A6C0C92A-E247-4576-9611-921D8924C8B7}
		{6FCC71B5-75CB-4BDE-AAE4-83FDD1B3BA37} = {FCA3F68B-B8BF-4F42-A5FD-E22DBE7872A3}
	EndGlobalSection
	GlobalSection(ExtensibilityGlobals) = postSolution
		SolutionGuid = {A60E733C-3A7A-47B4-8C19-265F04850732}
	EndGlobalSection
EndGlobal
